Microsoft Visual Studio Solution File, Format Version 12.00
# Visual Studio Version 17
VisualStudioVersion = 17.5.2.0
MinimumVisualStudioVersion = 10.0.40219.1
Project("{2150E333-8FDC-42A3-9474-1A3956D46DE8}") = "startup-hook", "startup-hook", "{3776EDF4-8A99-18B9-732D-ED309C14B0B6}"
EndProject
Project("{FAE04EC0-301F-11D3-BF4B-00C04F79EFBC}") = "StartupHook", "startup-hook\StartupHook.csproj", "{487F9A5A-F584-6D50-D71E-499E04FE2A7A}"
EndProject
Global
	GlobalSection(SolutionConfigurationPlatforms) = preSolution
		Debug|Any CPU = Debug|Any CPU
		Release|Any CPU = Release|Any CPU
	EndGlobalSection
	GlobalSection(ProjectConfigurationPlatforms) = postSolution
		{487F9A5A-F584-6D50-D71E-499E04FE2A7A}.Debug|Any CPU.ActiveCfg = Debug|Any CPU
		{487F9A5A-F584-6D50-D71E-499E04FE2A7A}.Debug|Any CPU.Build.0 = Debug|Any CPU
		{487F9A5A-F584-6D50-D71E-499E04FE2A7A}.Release|Any CPU.ActiveCfg = Release|Any CPU
		{487F9A5A-F584-6D50-D71E-499E04FE2A7A}.Release|Any CPU.Build.0 = Release|Any CPU
	EndGlobalSection
	GlobalSection(SolutionProperties) = preSolution
		HideSolutionNode = FALSE
	EndGlobalSection
	GlobalSection(NestedProjects) = preSolution
		{487F9A5A-F584-6D50-D71E-499E04FE2A7A} = {3776EDF4-8A99-18B9-732D-ED309C14B0B6}
	EndGlobalSection
	GlobalSection(ExtensibilityGlobals) = postSolution
		SolutionGuid = {54A4A792-9810-4D36-959C-F3365524B142}
	EndGlobalSection
EndGlobal
